
Microsoft Visual Studio Solution File, Format Version 12.00
# Visual Studio 2010
Project("{FAE04EC0-301F-11D3-BF4B-00C04F79EFBC}") = "01_methodTable", "Advanced\01_sandbox\01_methodTable.csproj", "{11E44EE0-C6F2-4FF3-913B-5505E89508AF}"
EndProject
Project("{2150E333-8FDC-42A3-9474-1A3956D46DE8}") = "Advanced", "Advanced", "{A4BADD47-DDDF-470A-A4F7-F4F311A10D77}"
EndProject
Project("{2150E333-8FDC-42A3-9474-1A3956D46DE8}") = "Basics", "Basics", "{9538927F-476D-484D-B45B-A8929681C375}"
EndProject
Project("{FAE04EC0-301F-11D3-BF4B-00C04F79EFBC}") = "System.Runtime.CLR", "System.Runtime.CLR\System.Runtime.CLR.csproj", "{E3BC3AE5-C2AB-442E-B649-C37E7982207E}"
EndProject
Project("{FAE04EC0-301F-11D3-BF4B-00C04F79EFBC}") = "01_allocOnStack", "Basic\01_allocOnStack\01_allocOnStack.csproj", "{2C8AD140-D37A-4801-8E85-A40DDDEAC8D8}"
EndProject
Project("{FAE04EC0-301F-11D3-BF4B-00C04F79EFBC}") = "02_sizeof", "Basic\02_methodTable\02_sizeof.csproj", "{6BE034F1-9A43-45B1-97D6-7D7FF96EB8E9}"
EndProject
Project("{FAE04EC0-301F-11D3-BF4B-00C04F79EFBC}") = "03_appdomain", "Basic\03_appdomain\03_appdomain.csproj", "{785FEA40-AC23-4674-A669-EA924DA86B51}"
EndProject
Project("{FAE04EC0-301F-11D3-BF4B-00C04F79EFBC}") = "04_sandbox", "Basic\04_sandbox\04_sandbox.csproj", "{1E605139-1390-41DE-84CA-E61FBC9F1A11}"
EndProject
Project("{FAE04EC0-301F-11D3-BF4B-00C04F79EFBC}") = "05_getFutureObjects", "Basic\05_getFutureObjects\05_getFutureObjects.csproj", "{88E2B4A3-1D8A-4EBF-8BD5-43FB43D2C97E}"
EndProject
Project("{FAE04EC0-301F-11D3-BF4B-00C04F79EFBC}") = "06_redirectingMethod", "Basic\06_redirectingMethod\06_redirectingMethod.csproj", "{C6322571-FFC6-4813-A59D-2F5A34A7721E}"
EndProject
Project("{FAE04EC0-301F-11D3-BF4B-00C04F79EFBC}") = "07_unmanagedPool", "Basic\07_unmanagedPool\07_unmanagedPool.csproj", "{50654A4C-D50A-49A3-9461-AF9E9074E271}"
EndProject
Project("{FAE04EC0-301F-11D3-BF4B-00C04F79EFBC}") = "08_unmanagedPoolPerf", "Basic\08_unmanagedPoolPerf\08_unmanagedPoolPerf.csproj", "{3AA6FBCD-1D76-4CDC-9845-8FC86710EAD5}"
EndProject
Project("{FAE04EC0-301F-11D3-BF4B-00C04F79EFBC}") = "03_catchingObjects", "Advanced\03_catchingObjects\03_catchingObjects.csproj", "{42A45140-4469-4E5D-99F8-902E8E448310}"
EndProject
Project("{FAE04EC0-301F-11D3-BF4B-00C04F79EFBC}") = "01_forkingThread", "RocketScience\01_forkingThread\01_forkingThread.csproj", "{438296AD-5A5A-45B6-BF30-BE283B589E33}"
	ProjectSection(ProjectDependencies) = postProject
		{E3BC3AE5-C2AB-442E-B649-C37E7982207E} = {E3BC3AE5-C2AB-442E-B649-C37E7982207E}
	EndProjectSection
EndProject
Project("{8BC9CEB8-8B4A-11D0-8D11-00A0C91BC942}") = "AdvancedThreadingNative", "RocketScience\CPPCLR\CPPCLR.vcxproj", "{6453CD0A-9EBC-4B1F-A200-0EAEAD50091C}"
EndProject
Project("{2150E333-8FDC-42A3-9474-1A3956D46DE8}") = "RocketScience", "RocketScience", "{4B82994E-3A0D-41A8-A280-571497189D26}"
EndProject
Project("{FAE04EC0-301F-11D3-BF4B-00C04F79EFBC}") = "02_exceptionsHandling", "RocketScience\02_exceptionsHandling\02_exceptionsHandling.csproj", "{0208D865-800F-4C3D-A25F-146E3E50BC2A}"
EndProject
Project("{FAE04EC0-301F-11D3-BF4B-00C04F79EFBC}") = "03_ioc", "RocketScience\03_ioc\03_ioc.csproj", "{91767ADA-82E3-463C-AF18-F3C352EAB615}"
EndProject
Project("{FAE04EC0-301F-11D3-BF4B-00C04F79EFBC}") = "03_iocLibrary", "RocketScience\03_iocLibrary\03_iocLibrary.csproj", "{6B72C8D6-C1A5-48C1-B94E-77C53B5D53C9}"
EndProject
Project("{FAE04EC0-301F-11D3-BF4B-00C04F79EFBC}") = "02_virtualMemory", "Advanced\02_virtualMemory\02_virtualMemory.csproj", "{457B0776-F09F-4923-AD72-E000390C355F}"
EndProject
Project("{2150E333-8FDC-42A3-9474-1A3956D46DE8}") = "Tests", "Tests", "{E5254E1A-C4A8-4869-BF5F-72295F8FA34A}"
EndProject
Project("{FAE04EC0-301F-11D3-BF4B-00C04F79EFBC}") = "TheradCloneTests", "Tests\TheradCloneTests\TheradCloneTests.csproj", "{DEF5FD80-0FB4-455D-AF76-E659B2A27707}"
EndProject
Global
	GlobalSection(SolutionConfigurationPlatforms) = preSolution
		Debug|Any CPU = Debug|Any CPU
		Debug|Mixed Platforms = Debug|Mixed Platforms
		Debug|Win32 = Debug|Win32
		Debug|x86 = Debug|x86
		Release|Any CPU = Release|Any CPU
		Release|Mixed Platforms = Release|Mixed Platforms
		Release|Win32 = Release|Win32
		Release|x86 = Release|x86
	EndGlobalSection
	GlobalSection(ProjectConfigurationPlatforms) = postSolution
		{11E44EE0-C6F2-4FF3-913B-5505E89508AF}.Debug|Any CPU.ActiveCfg = Debug|x86
		{11E44EE0-C6F2-4FF3-913B-5505E89508AF}.Debug|Mixed Platforms.ActiveCfg = Debug|x86
		{11E44EE0-C6F2-4FF3-913B-5505E89508AF}.Debug|Mixed Platforms.Build.0 = Debug|x86
		{11E44EE0-C6F2-4FF3-913B-5505E89508AF}.Debug|Win32.ActiveCfg = Debug|x86
		{11E44EE0-C6F2-4FF3-913B-5505E89508AF}.Debug|x86.ActiveCfg = Debug|x86
		{11E44EE0-C6F2-4FF3-913B-5505E89508AF}.Debug|x86.Build.0 = Debug|x86
		{11E44EE0-C6F2-4FF3-913B-5505E89508AF}.Release|Any CPU.ActiveCfg = Release|x86
		{11E44EE0-C6F2-4FF3-913B-5505E89508AF}.Release|Mixed Platforms.ActiveCfg = Release|x86
		{11E44EE0-C6F2-4FF3-913B-5505E89508AF}.Release|Mixed Platforms.Build.0 = Release|x86
		{11E44EE0-C6F2-4FF3-913B-5505E89508AF}.Release|Win32.ActiveCfg = Release|x86
		{11E44EE0-C6F2-4FF3-913B-5505E89508AF}.Release|x86.ActiveCfg = Release|x86
		{11E44EE0-C6F2-4FF3-913B-5505E89508AF}.Release|x86.Build.0 = Release|x86
		{E3BC3AE5-C2AB-442E-B649-C37E7982207E}.Debug|Any CPU.ActiveCfg = Debug|x86
		{E3BC3AE5-C2AB-442E-B649-C37E7982207E}.Debug|Mixed Platforms.ActiveCfg = Debug|x86
		{E3BC3AE5-C2AB-442E-B649-C37E7982207E}.Debug|Mixed Platforms.Build.0 = Debug|x86
		{E3BC3AE5-C2AB-442E-B649-C37E7982207E}.Debug|Win32.ActiveCfg = Debug|x86
		{E3BC3AE5-C2AB-442E-B649-C37E7982207E}.Debug|x86.ActiveCfg = Debug|x86
		{E3BC3AE5-C2AB-442E-B649-C37E7982207E}.Debug|x86.Build.0 = Debug|x86
		{E3BC3AE5-C2AB-442E-B649-C37E7982207E}.Release|Any CPU.ActiveCfg = Release|x86
		{E3BC3AE5-C2AB-442E-B649-C37E7982207E}.Release|Mixed Platforms.ActiveCfg = Release|x86
		{E3BC3AE5-C2AB-442E-B649-C37E7982207E}.Release|Mixed Platforms.Build.0 = Release|x86
		{E3BC3AE5-C2AB-442E-B649-C37E7982207E}.Release|Win32.ActiveCfg = Release|x86
		{E3BC3AE5-C2AB-442E-B649-C37E7982207E}.Release|x86.ActiveCfg = Release|x86
		{E3BC3AE5-C2AB-442E-B649-C37E7982207E}.Release|x86.Build.0 = Release|x86
		{2C8AD140-D37A-4801-8E85-A40DDDEAC8D8}.Debug|Any CPU.ActiveCfg = Debug|x86
		{2C8AD140-D37A-4801-8E85-A40DDDEAC8D8}.Debug|Mixed Platforms.ActiveCfg = Debug|x86
		{2C8AD140-D37A-4801-8E85-A40DDDEAC8D8}.Debug|Mixed Platforms.Build.0 = Debug|x86
		{2C8AD140-D37A-4801-8E85-A40DDDEAC8D8}.Debug|Win32.ActiveCfg = Debug|x86
		{2C8AD140-D37A-4801-8E85-A40DDDEAC8D8}.Debug|x86.ActiveCfg = Debug|x86
		{2C8AD140-D37A-4801-8E85-A40DDDEAC8D8}.Debug|x86.Build.0 = Debug|x86
		{2C8AD140-D37A-4801-8E85-A40DDDEAC8D8}.Release|Any CPU.ActiveCfg = Release|x86
		{2C8AD140-D37A-4801-8E85-A40DDDEAC8D8}.Release|Mixed Platforms.ActiveCfg = Release|x86
		{2C8AD140-D37A-4801-8E85-A40DDDEAC8D8}.Release|Mixed Platforms.Build.0 = Release|x86
		{2C8AD140-D37A-4801-8E85-A40DDDEAC8D8}.Release|Win32.ActiveCfg = Release|x86
		{2C8AD140-D37A-4801-8E85-A40DDDEAC8D8}.Release|x86.ActiveCfg = Release|x86
		{2C8AD140-D37A-4801-8E85-A40DDDEAC8D8}.Release|x86.Build.0 = Release|x86
		{6BE034F1-9A43-45B1-97D6-7D7FF96EB8E9}.Debug|Any CPU.ActiveCfg = Debug|x86
		{6BE034F1-9A43-45B1-97D6-7D7FF96EB8E9}.Debug|Mixed Platforms.ActiveCfg = Debug|x86
		{6BE034F1-9A43-45B1-97D6-7D7FF96EB8E9}.Debug|Mixed Platforms.Build.0 = Debug|x86
		{6BE034F1-9A43-45B1-97D6-7D7FF96EB8E9}.Debug|Win32.ActiveCfg = Debug|x86
		{6BE034F1-9A43-45B1-97D6-7D7FF96EB8E9}.Debug|x86.ActiveCfg = Debug|x86
		{6BE034F1-9A43-45B1-97D6-7D7FF96EB8E9}.Debug|x86.Build.0 = Debug|x86
		{6BE034F1-9A43-45B1-97D6-7D7FF96EB8E9}.Release|Any CPU.ActiveCfg = Release|x86
		{6BE034F1-9A43-45B1-97D6-7D7FF96EB8E9}.Release|Mixed Platforms.ActiveCfg = Release|x86
		{6BE034F1-9A43-45B1-97D6-7D7FF96EB8E9}.Release|Mixed Platforms.Build.0 = Release|x86
		{6BE034F1-9A43-45B1-97D6-7D7FF96EB8E9}.Release|Win32.ActiveCfg = Release|x86
		{6BE034F1-9A43-45B1-97D6-7D7FF96EB8E9}.Release|x86.ActiveCfg = Release|x86
		{6BE034F1-9A43-45B1-97D6-7D7FF96EB8E9}.Release|x86.Build.0 = Release|x86
		{785FEA40-AC23-4674-A669-EA924DA86B51}.Debug|Any CPU.ActiveCfg = Debug|x86
		{785FEA40-AC23-4674-A669-EA924DA86B51}.Debug|Mixed Platforms.ActiveCfg = Debug|x86
		{785FEA40-AC23-4674-A669-EA924DA86B51}.Debug|Mixed Platforms.Build.0 = Debug|x86
		{785FEA40-AC23-4674-A669-EA924DA86B51}.Debug|Win32.ActiveCfg = Debug|x86
		{785FEA40-AC23-4674-A669-EA924DA86B51}.Debug|x86.ActiveCfg = Debug|x86
		{785FEA40-AC23-4674-A669-EA924DA86B51}.Debug|x86.Build.0 = Debug|x86
		{785FEA40-AC23-4674-A669-EA924DA86B51}.Release|Any CPU.ActiveCfg = Release|x86
		{785FEA40-AC23-4674-A669-EA924DA86B51}.Release|Mixed Platforms.ActiveCfg = Release|x86
		{785FEA40-AC23-4674-A669-EA924DA86B51}.Release|Mixed Platforms.Build.0 = Release|x86
		{785FEA40-AC23-4674-A669-EA924DA86B51}.Release|Win32.ActiveCfg = Release|x86
		{785FEA40-AC23-4674-A669-EA924DA86B51}.Release|x86.ActiveCfg = Release|x86
		{785FEA40-AC23-4674-A669-EA924DA86B51}.Release|x86.Build.0 = Release|x86
		{1E605139-1390-41DE-84CA-E61FBC9F1A11}.Debug|Any CPU.ActiveCfg = Debug|x86
		{1E605139-1390-41DE-84CA-E61FBC9F1A11}.Debug|Mixed Platforms.ActiveCfg = Debug|x86
		{1E605139-1390-41DE-84CA-E61FBC9F1A11}.Debug|Mixed Platforms.Build.0 = Debug|x86
		{1E605139-1390-41DE-84CA-E61FBC9F1A11}.Debug|Win32.ActiveCfg = Debug|x86
		{1E605139-1390-41DE-84CA-E61FBC9F1A11}.Debug|x86.ActiveCfg = Debug|x86
		{1E605139-1390-41DE-84CA-E61FBC9F1A11}.Debug|x86.Build.0 = Debug|x86
		{1E605139-1390-41DE-84CA-E61FBC9F1A11}.Release|Any CPU.ActiveCfg = Release|x86
		{1E605139-1390-41DE-84CA-E61FBC9F1A11}.Release|Mixed Platforms.ActiveCfg = Release|x86
		{1E605139-1390-41DE-84CA-E61FBC9F1A11}.Release|Mixed Platforms.Build.0 = Release|x86
		{1E605139-1390-41DE-84CA-E61FBC9F1A11}.Release|Win32.ActiveCfg = Release|x86
		{1E605139-1390-41DE-84CA-E61FBC9F1A11}.Release|x86.ActiveCfg = Release|x86
		{1E605139-1390-41DE-84CA-E61FBC9F1A11}.Release|x86.Build.0 = Release|x86
		{88E2B4A3-1D8A-4EBF-8BD5-43FB43D2C97E}.Debug|Any CPU.ActiveCfg = Debug|x86
		{88E2B4A3-1D8A-4EBF-8BD5-43FB43D2C97E}.Debug|Mixed Platforms.ActiveCfg = Debug|x86
		{88E2B4A3-1D8A-4EBF-8BD5-43FB43D2C97E}.Debug|Mixed Platforms.Build.0 = Debug|x86
		{88E2B4A3-1D8A-4EBF-8BD5-43FB43D2C97E}.Debug|Win32.ActiveCfg = Debug|x86
		{88E2B4A3-1D8A-4EBF-8BD5-43FB43D2C97E}.Debug|x86.ActiveCfg = Debug|x86
		{88E2B4A3-1D8A-4EBF-8BD5-43FB43D2C97E}.Debug|x86.Build.0 = Debug|x86
		{88E2B4A3-1D8A-4EBF-8BD5-43FB43D2C97E}.Release|Any CPU.ActiveCfg = Release|x86
		{88E2B4A3-1D8A-4EBF-8BD5-43FB43D2C97E}.Release|Mixed Platforms.ActiveCfg = Release|x86
		{88E2B4A3-1D8A-4EBF-8BD5-43FB43D2C97E}.Release|Mixed Platforms.Build.0 = Release|x86
		{88E2B4A3-1D8A-4EBF-8BD5-43FB43D2C97E}.Release|Win32.ActiveCfg = Release|x86
		{88E2B4A3-1D8A-4EBF-8BD5-43FB43D2C97E}.Release|x86.ActiveCfg = Release|x86
		{88E2B4A3-1D8A-4EBF-8BD5-43FB43D2C97E}.Release|x86.Build.0 = Release|x86
		{C6322571-FFC6-4813-A59D-2F5A34A7721E}.Debug|Any CPU.ActiveCfg = Debug|x86
		{C6322571-FFC6-4813-A59D-2F5A34A7721E}.Debug|Mixed Platforms.ActiveCfg = Debug|x86
		{C6322571-FFC6-4813-A59D-2F5A34A7721E}.Debug|Mixed Platforms.Build.0 = Debug|x86
		{C6322571-FFC6-4813-A59D-2F5A34A7721E}.Debug|Win32.ActiveCfg = Debug|x86
		{C6322571-FFC6-4813-A59D-2F5A34A7721E}.Debug|x86.ActiveCfg = Debug|x86
		{C6322571-FFC6-4813-A59D-2F5A34A7721E}.Debug|x86.Build.0 = Debug|x86
		{C6322571-FFC6-4813-A59D-2F5A34A7721E}.Release|Any CPU.ActiveCfg = Release|x86
		{C6322571-FFC6-4813-A59D-2F5A34A7721E}.Release|Mixed Platforms.ActiveCfg = Release|x86
		{C6322571-FFC6-4813-A59D-2F5A34A7721E}.Release|Mixed Platforms.Build.0 = Release|x86
		{C6322571-FFC6-4813-A59D-2F5A34A7721E}.Release|Win32.ActiveCfg = Release|x86
		{C6322571-FFC6-4813-A59D-2F5A34A7721E}.Release|x86.ActiveCfg = Release|x86
		{C6322571-FFC6-4813-A59D-2F5A34A7721E}.Release|x86.Build.0 = Release|x86
		{50654A4C-D50A-49A3-9461-AF9E9074E271}.Debug|Any CPU.ActiveCfg = Debug|x86
		{50654A4C-D50A-49A3-9461-AF9E9074E271}.Debug|Mixed Platforms.ActiveCfg = Debug|x86
		{50654A4C-D50A-49A3-9461-AF9E9074E271}.Debug|Mixed Platforms.Build.0 = Debug|x86
		{50654A4C-D50A-49A3-9461-AF9E9074E271}.Debug|Win32.ActiveCfg = Debug|x86
		{50654A4C-D50A-49A3-9461-AF9E9074E271}.Debug|x86.ActiveCfg = Debug|x86
		{50654A4C-D50A-49A3-9461-AF9E9074E271}.Debug|x86.Build.0 = Debug|x86
		{50654A4C-D50A-49A3-9461-AF9E9074E271}.Release|Any CPU.ActiveCfg = Release|x86
		{50654A4C-D50A-49A3-9461-AF9E9074E271}.Release|Mixed Platforms.ActiveCfg = Release|x86
		{50654A4C-D50A-49A3-9461-AF9E9074E271}.Release|Mixed Platforms.Build.0 = Release|x86
		{50654A4C-D50A-49A3-9461-AF9E9074E271}.Release|Win32.ActiveCfg = Release|x86
		{50654A4C-D50A-49A3-9461-AF9E9074E271}.Release|x86.ActiveCfg = Release|x86
		{50654A4C-D50A-49A3-9461-AF9E9074E271}.Release|x86.Build.0 = Release|x86
		{3AA6FBCD-1D76-4CDC-9845-8FC86710EAD5}.Debug|Any CPU.ActiveCfg = Debug|x86
		{3AA6FBCD-1D76-4CDC-9845-8FC86710EAD5}.Debug|Mixed Platforms.ActiveCfg = Debug|x86
		{3AA6FBCD-1D76-4CDC-9845-8FC86710EAD5}.Debug|Mixed Platforms.Build.0 = Debug|x86
		{3AA6FBCD-1D76-4CDC-9845-8FC86710EAD5}.Debug|Win32.ActiveCfg = Debug|x86
		{3AA6FBCD-1D76-4CDC-9845-8FC86710EAD5}.Debug|x86.ActiveCfg = Debug|x86
		{3AA6FBCD-1D76-4CDC-9845-8FC86710EAD5}.Debug|x86.Build.0 = Debug|x86
		{3AA6FBCD-1D76-4CDC-9845-8FC86710EAD5}.Release|Any CPU.ActiveCfg = Release|x86
		{3AA6FBCD-1D76-4CDC-9845-8FC86710EAD5}.Release|Mixed Platforms.ActiveCfg = Release|x86
		{3AA6FBCD-1D76-4CDC-9845-8FC86710EAD5}.Release|Mixed Platforms.Build.0 = Release|x86
		{3AA6FBCD-1D76-4CDC-9845-8FC86710EAD5}.Release|Win32.ActiveCfg = Release|x86
		{3AA6FBCD-1D76-4CDC-9845-8FC86710EAD5}.Release|x86.ActiveCfg = Release|x86
		{3AA6FBCD-1D76-4CDC-9845-8FC86710EAD5}.Release|x86.Build.0 = Release|x86
		{42A45140-4469-4E5D-99F8-902E8E448310}.Debug|Any CPU.ActiveCfg = Debug|x86
		{42A45140-4469-4E5D-99F8-902E8E448310}.Debug|Mixed Platforms.ActiveCfg = Debug|x86
		{42A45140-4469-4E5D-99F8-902E8E448310}.Debug|Mixed Platforms.Build.0 = Debug|x86
		{42A45140-4469-4E5D-99F8-902E8E448310}.Debug|Win32.ActiveCfg = Debug|x86
		{42A45140-4469-4E5D-99F8-902E8E448310}.Debug|x86.ActiveCfg = Debug|x86
		{42A45140-4469-4E5D-99F8-902E8E448310}.Debug|x86.Build.0 = Debug|x86
		{42A45140-4469-4E5D-99F8-902E8E448310}.Release|Any CPU.ActiveCfg = Release|x86
		{42A45140-4469-4E5D-99F8-902E8E448310}.Release|Mixed Platforms.ActiveCfg = Release|x86
		{42A45140-4469-4E5D-99F8-902E8E448310}.Release|Mixed Platforms.Build.0 = Release|x86
		{42A45140-4469-4E5D-99F8-902E8E448310}.Release|Win32.ActiveCfg = Release|x86
		{42A45140-4469-4E5D-99F8-902E8E448310}.Release|x86.ActiveCfg = Release|x86
		{42A45140-4469-4E5D-99F8-902E8E448310}.Release|x86.Build.0 = Release|x86
		{438296AD-5A5A-45B6-BF30-BE283B589E33}.Debug|Any CPU.ActiveCfg = Debug|x86
		{438296AD-5A5A-45B6-BF30-BE283B589E33}.Debug|Mixed Platforms.ActiveCfg = Debug|x86
		{438296AD-5A5A-45B6-BF30-BE283B589E33}.Debug|Mixed Platforms.Build.0 = Debug|x86
		{438296AD-5A5A-45B6-BF30-BE283B589E33}.Debug|Win32.ActiveCfg = Debug|x86
		{438296AD-5A5A-45B6-BF30-BE283B589E33}.Debug|x86.ActiveCfg = Debug|x86
		{438296AD-5A5A-45B6-BF30-BE283B589E33}.Debug|x86.Build.0 = Debug|x86
		{438296AD-5A5A-45B6-BF30-BE283B589E33}.Release|Any CPU.ActiveCfg = Release|x86
		{438296AD-5A5A-45B6-BF30-BE283B589E33}.Release|Mixed Platforms.ActiveCfg = Release|x86
		{438296AD-5A5A-45B6-BF30-BE283B589E33}.Release|Mixed Platforms.Build.0 = Release|x86
		{438296AD-5A5A-45B6-BF30-BE283B589E33}.Release|Win32.ActiveCfg = Release|x86
		{438296AD-5A5A-45B6-BF30-BE283B589E33}.Release|Win32.Build.0 = Release|x86
		{438296AD-5A5A-45B6-BF30-BE283B589E33}.Release|x86.ActiveCfg = Release|x86
		{438296AD-5A5A-45B6-BF30-BE283B589E33}.Release|x86.Build.0 = Release|x86
		{6453CD0A-9EBC-4B1F-A200-0EAEAD50091C}.Debug|Any CPU.ActiveCfg = Debug|Win32
		{6453CD0A-9EBC-4B1F-A200-0EAEAD50091C}.Debug|Mixed Platforms.ActiveCfg = Debug|Win32
		{6453CD0A-9EBC-4B1F-A200-0EAEAD50091C}.Debug|Mixed Platforms.Build.0 = Debug|Win32
		{6453CD0A-9EBC-4B1F-A200-0EAEAD50091C}.Debug|Win32.ActiveCfg = Debug|Win32
		{6453CD0A-9EBC-4B1F-A200-0EAEAD50091C}.Debug|Win32.Build.0 = Debug|Win32
		{6453CD0A-9EBC-4B1F-A200-0EAEAD50091C}.Debug|x86.ActiveCfg = Debug|Win32
		{6453CD0A-9EBC-4B1F-A200-0EAEAD50091C}.Debug|x86.Build.0 = Debug|Win32
		{6453CD0A-9EBC-4B1F-A200-0EAEAD50091C}.Release|Any CPU.ActiveCfg = Release|Win32
		{6453CD0A-9EBC-4B1F-A200-0EAEAD50091C}.Release|Mixed Platforms.ActiveCfg = Release|Win32
		{6453CD0A-9EBC-4B1F-A200-0EAEAD50091C}.Release|Mixed Platforms.Build.0 = Release|Win32
		{6453CD0A-9EBC-4B1F-A200-0EAEAD50091C}.Release|Win32.ActiveCfg = Release|Win32
		{6453CD0A-9EBC-4B1F-A200-0EAEAD50091C}.Release|Win32.Build.0 = Release|Win32
		{6453CD0A-9EBC-4B1F-A200-0EAEAD50091C}.Release|x86.ActiveCfg = Release|Win32
		{6453CD0A-9EBC-4B1F-A200-0EAEAD50091C}.Release|x86.Build.0 = Release|Win32
		{0208D865-800F-4C3D-A25F-146E3E50BC2A}.Debug|Any CPU.ActiveCfg = Debug|x86
		{0208D865-800F-4C3D-A25F-146E3E50BC2A}.Debug|Mixed Platforms.ActiveCfg = Debug|x86
		{0208D865-800F-4C3D-A25F-146E3E50BC2A}.Debug|Mixed Platforms.Build.0 = Debug|x86
		{0208D865-800F-4C3D-A25F-146E3E50BC2A}.Debug|Win32.ActiveCfg = Debug|x86
		{0208D865-800F-4C3D-A25F-146E3E50BC2A}.Debug|x86.ActiveCfg = Debug|x86
		{0208D865-800F-4C3D-A25F-146E3E50BC2A}.Debug|x86.Build.0 = Debug|x86
		{0208D865-800F-4C3D-A25F-146E3E50BC2A}.Release|Any CPU.ActiveCfg = Release|x86
		{0208D865-800F-4C3D-A25F-146E3E50BC2A}.Release|Mixed Platforms.ActiveCfg = Release|x86
		{0208D865-800F-4C3D-A25F-146E3E50BC2A}.Release|Mixed Platforms.Build.0 = Release|x86
		{0208D865-800F-4C3D-A25F-146E3E50BC2A}.Release|Win32.ActiveCfg = Release|x86
		{0208D865-800F-4C3D-A25F-146E3E50BC2A}.Release|x86.ActiveCfg = Release|x86
		{0208D865-800F-4C3D-A25F-146E3E50BC2A}.Release|x86.Build.0 = Release|x86
		{91767ADA-82E3-463C-AF18-F3C352EAB615}.Debug|Any CPU.ActiveCfg = Debug|x86
		{91767ADA-82E3-463C-AF18-F3C352EAB615}.Debug|Mixed Platforms.ActiveCfg = Debug|x86
		{91767ADA-82E3-463C-AF18-F3C352EAB615}.Debug|Mixed Platforms.Build.0 = Debug|x86
		{91767ADA-82E3-463C-AF18-F3C352EAB615}.Debug|Win32.ActiveCfg = Debug|x86
		{91767ADA-82E3-463C-AF18-F3C352EAB615}.Debug|x86.ActiveCfg = Debug|x86
		{91767ADA-82E3-463C-AF18-F3C352EAB615}.Debug|x86.Build.0 = Debug|x86
		{91767ADA-82E3-463C-AF18-F3C352EAB615}.Release|Any CPU.ActiveCfg = Release|x86
		{91767ADA-82E3-463C-AF18-F3C352EAB615}.Release|Mixed Platforms.ActiveCfg = Release|x86
		{91767ADA-82E3-463C-AF18-F3C352EAB615}.Release|Mixed Platforms.Build.0 = Release|x86
		{91767ADA-82E3-463C-AF18-F3C352EAB615}.Release|Win32.ActiveCfg = Release|x86
		{91767ADA-82E3-463C-AF18-F3C352EAB615}.Release|x86.ActiveCfg = Release|x86
		{91767ADA-82E3-463C-AF18-F3C352EAB615}.Release|x86.Build.0 = Release|x86
		{6B72C8D6-C1A5-48C1-B94E-77C53B5D53C9}.Debug|Any CPU.ActiveCfg = Debug|x86
		{6B72C8D6-C1A5-48C1-B94E-77C53B5D53C9}.Debug|Mixed Platforms.ActiveCfg = Debug|x86
		{6B72C8D6-C1A5-48C1-B94E-77C53B5D53C9}.Debug|Mixed Platforms.Build.0 = Debug|x86
		{6B72C8D6-C1A5-48C1-B94E-77C53B5D53C9}.Debug|Win32.ActiveCfg = Debug|x86
		{6B72C8D6-C1A5-48C1-B94E-77C53B5D53C9}.Debug|x86.ActiveCfg = Debug|x86
		{6B72C8D6-C1A5-48C1-B94E-77C53B5D53C9}.Debug|x86.Build.0 = Debug|x86
		{6B72C8D6-C1A5-48C1-B94E-77C53B5D53C9}.Release|Any CPU.ActiveCfg = Release|x86
		{6B72C8D6-C1A5-48C1-B94E-77C53B5D53C9}.Release|Mixed Platforms.ActiveCfg = Release|x86
		{6B72C8D6-C1A5-48C1-B94E-77C53B5D53C9}.Release|Mixed Platforms.Build.0 = Release|x86
		{6B72C8D6-C1A5-48C1-B94E-77C53B5D53C9}.Release|Win32.ActiveCfg = Release|x86
		{6B72C8D6-C1A5-48C1-B94E-77C53B5D53C9}.Release|x86.ActiveCfg = Release|x86
		{6B72C8D6-C1A5-48C1-B94E-77C53B5D53C9}.Release|x86.Build.0 = Release|x86
		{457B0776-F09F-4923-AD72-E000390C355F}.Debug|Any CPU.ActiveCfg = Debug|x86
		{457B0776-F09F-4923-AD72-E000390C355F}.Debug|Mixed Platforms.ActiveCfg = Debug|x86
		{457B0776-F09F-4923-AD72-E000390C355F}.Debug|Mixed Platforms.Build.0 = Debug|x86
		{457B0776-F09F-4923-AD72-E000390C355F}.Debug|Win32.ActiveCfg = Debug|x86
		{457B0776-F09F-4923-AD72-E000390C355F}.Debug|Win32.Build.0 = Debug|x86
		{457B0776-F09F-4923-AD72-E000390C355F}.Debug|x86.ActiveCfg = Debug|x86
		{457B0776-F09F-4923-AD72-E000390C355F}.Debug|x86.Build.0 = Debug|x86
		{457B0776-F09F-4923-AD72-E000390C355F}.Release|Any CPU.ActiveCfg = Release|x86
		{457B0776-F09F-4923-AD72-E000390C355F}.Release|Mixed Platforms.ActiveCfg = Release|x86
		{457B0776-F09F-4923-AD72-E000390C355F}.Release|Mixed Platforms.Build.0 = Release|x86
		{457B0776-F09F-4923-AD72-E000390C355F}.Release|Win32.ActiveCfg = Release|x86
		{457B0776-F09F-4923-AD72-E000390C355F}.Release|x86.ActiveCfg = Release|x86
		{457B0776-F09F-4923-AD72-E000390C355F}.Release|x86.Build.0 = Release|x86
		{DEF5FD80-0FB4-455D-AF76-E659B2A27707}.Debug|Any CPU.ActiveCfg = Debug|Any CPU
		{DEF5FD80-0FB4-455D-AF76-E659B2A27707}.Debug|Any CPU.Build.0 = Debug|Any CPU
		{DEF5FD80-0FB4-455D-AF76-E659B2A27707}.Debug|Mixed Platforms.ActiveCfg = Debug|Any CPU
		{DEF5FD80-0FB4-455D-AF76-E659B2A27707}.Debug|Mixed Platforms.Build.0 = Debug|Any CPU
		{DEF5FD80-0FB4-455D-AF76-E659B2A27707}.Debug|Win32.ActiveCfg = Debug|Any CPU
		{DEF5FD80-0FB4-455D-AF76-E659B2A27707}.Debug|x86.ActiveCfg = Debug|Any CPU
		{DEF5FD80-0FB4-455D-AF76-E659B2A27707}.Debug|x86.Build.0 = Debug|Any CPU
		{DEF5FD80-0FB4-455D-AF76-E659B2A27707}.Release|Any CPU.ActiveCfg = Release|Any CPU
		{DEF5FD80-0FB4-455D-AF76-E659B2A27707}.Release|Any CPU.Build.0 = Release|Any CPU
		{DEF5FD80-0FB4-455D-AF76-E659B2A27707}.Release|Mixed Platforms.ActiveCfg = Release|Any CPU
		{DEF5FD80-0FB4-455D-AF76-E659B2A27707}.Release|Mixed Platforms.Build.0 = Release|Any CPU
		{DEF5FD80-0FB4-455D-AF76-E659B2A27707}.Release|Win32.ActiveCfg = Release|Any CPU
		{DEF5FD80-0FB4-455D-AF76-E659B2A27707}.Release|x86.ActiveCfg = Release|Any CPU
		{DEF5FD80-0FB4-455D-AF76-E659B2A27707}.Release|x86.Build.0 = Release|Any CPU
	EndGlobalSection
	GlobalSection(SolutionProperties) = preSolution
		HideSolutionNode = FALSE
	EndGlobalSection
	GlobalSection(NestedProjects) = preSolution
		{11E44EE0-C6F2-4FF3-913B-5505E89508AF} = {A4BADD47-DDDF-470A-A4F7-F4F311A10D77}
		{42A45140-4469-4E5D-99F8-902E8E448310} = {A4BADD47-DDDF-470A-A4F7-F4F311A10D77}
		{457B0776-F09F-4923-AD72-E000390C355F} = {A4BADD47-DDDF-470A-A4F7-F4F311A10D77}
		{2C8AD140-D37A-4801-8E85-A40DDDEAC8D8} = {9538927F-476D-484D-B45B-A8929681C375}
		{6BE034F1-9A43-45B1-97D6-7D7FF96EB8E9} = {9538927F-476D-484D-B45B-A8929681C375}
		{785FEA40-AC23-4674-A669-EA924DA86B51} = {9538927F-476D-484D-B45B-A8929681C375}
		{1E605139-1390-41DE-84CA-E61FBC9F1A11} = {9538927F-476D-484D-B45B-A8929681C375}
		{88E2B4A3-1D8A-4EBF-8BD5-43FB43D2C97E} = {9538927F-476D-484D-B45B-A8929681C375}
		{C6322571-FFC6-4813-A59D-2F5A34A7721E} = {9538927F-476D-484D-B45B-A8929681C375}
		{50654A4C-D50A-49A3-9461-AF9E9074E271} = {9538927F-476D-484D-B45B-A8929681C375}
		{3AA6FBCD-1D76-4CDC-9845-8FC86710EAD5} = {9538927F-476D-484D-B45B-A8929681C375}
		{6453CD0A-9EBC-4B1F-A200-0EAEAD50091C} = {4B82994E-3A0D-41A8-A280-571497189D26}
		{438296AD-5A5A-45B6-BF30-BE283B589E33} = {4B82994E-3A0D-41A8-A280-571497189D26}
		{0208D865-800F-4C3D-A25F-146E3E50BC2A} = {4B82994E-3A0D-41A8-A280-571497189D26}
		{91767ADA-82E3-463C-AF18-F3C352EAB615} = {4B82994E-3A0D-41A8-A280-571497189D26}
		{6B72C8D6-C1A5-48C1-B94E-77C53B5D53C9} = {4B82994E-3A0D-41A8-A280-571497189D26}
		{DEF5FD80-0FB4-455D-AF76-E659B2A27707} = {E5254E1A-C4A8-4869-BF5F-72295F8FA34A}
	EndGlobalSection
EndGlobal
